
Microsoft Visual Studio Solution File, Format Version 12.00
# Visual Studio Version 17
VisualStudioVersion = 17.0.31717.71
MinimumVisualStudioVersion = 10.0.40219.1
Project("{9A19103F-16F7-4668-BE54-9A1E7A4F7556}") = "Sparky", "Sparky\Sparky.csproj", "{D257E555-3248-481E-97CB-29E169C384A3}"
EndProject
Project("{9A19103F-16F7-4668-BE54-9A1E7A4F7556}") = "SparkyMSTest", "SparkyMSTest\SparkyMSTest.csproj", "{9B332673-71DC-453E-9A69-F0D05D46B0D4}"
EndProject
Project("{9A19103F-16F7-4668-BE54-9A1E7A4F7556}") = "SparkyNUnitTest", "SparkyNUnitTest\SparkyNUnitTest.csproj", "{A5F2AC99-4C35-430C-BCCF-5333971112B3}"
EndProject
Project("{9A19103F-16F7-4668-BE54-9A1E7A4F7556}") = "SparkyXUnit", "SparkyXUnit\SparkyXUnit.csproj", "{5E450CBB-12B8-4381-B7B1-0EF60470809F}"
EndProject
Project("{2150E333-8FDC-42A3-9474-1A3956D46DE8}") = "Basic Fundation", "Basic Fundation", "{8E1D5126-3758-4665-8BF3-86E3CA7AEB0F}"
EndProject
Project("{2150E333-8FDC-42A3-9474-1A3956D46DE8}") = "BongoWeb", "BongoWeb", "{DA6B237F-B5F3-47B1-AED5-B7EE97CE9D93}"
EndProject
Project("{9A19103F-16F7-4668-BE54-9A1E7A4F7556}") = "Bongo.Core", "..\..\Section07\Bongo.Core\Bongo.Core.csproj", "{4930AA73-0131-4340-9EED-C0FD6DC8BE29}"
EndProject
Project("{9A19103F-16F7-4668-BE54-9A1E7A4F7556}") = "Bongo.DataAccess", "..\..\Section07\Bongo.DataAccess\Bongo.DataAccess.csproj", "{C3ED552D-C576-47A2-9924-5C06B7BC1E6F}"
EndProject
Project("{9A19103F-16F7-4668-BE54-9A1E7A4F7556}") = "Bongo.Models", "..\..\Section07\Bongo.Models\Bongo.Models.csproj", "{35B9029A-BF0C-40F7-82B2-40B12986B323}"
EndProject
Project("{9A19103F-16F7-4668-BE54-9A1E7A4F7556}") = "Bongo.Web", "..\..\Section07\Bongo.Web\Bongo.Web.csproj", "{2BBAACEE-93F5-490A-8A9C-A13E47448D60}"
EndProject
Project("{9A19103F-16F7-4668-BE54-9A1E7A4F7556}") = "Bongo.Models.Tests", "..\..\Section07\Bongo.Models.Tests\Bongo.Models.Tests.csproj", "{7B3DE8A7-DF8A-4FE4-B597-3B1F0B42781E}"
EndProject
Project("{9A19103F-16F7-4668-BE54-9A1E7A4F7556}") = "Bongo.DataAccess.Tests", "..\..\Section07\Bongo.DataAccess.Tests\Bongo.DataAccess.Tests.csproj", "{466D1F8C-397D-4802-AEDD-150F61B7D336}"
EndProject
Global
	GlobalSection(SolutionConfigurationPlatforms) = preSolution
		Debug|Any CPU = Debug|Any CPU
		Release|Any CPU = Release|Any CPU
	EndGlobalSection
	GlobalSection(ProjectConfigurationPlatforms) = postSolution
		{D257E555-3248-481E-97CB-29E169C384A3}.Debug|Any CPU.ActiveCfg = Debug|Any CPU
		{D257E555-3248-481E-97CB-29E169C384A3}.Debug|Any CPU.Build.0 = Debug|Any CPU
		{D257E555-3248-481E-97CB-29E169C384A3}.Release|Any CPU.ActiveCfg = Release|Any CPU
		{D257E555-3248-481E-97CB-29E169C384A3}.Release|Any CPU.Build.0 = Release|Any CPU
		{9B332673-71DC-453E-9A69-F0D05D46B0D4}.Debug|Any CPU.ActiveCfg = Debug|Any CPU
		{9B332673-71DC-453E-9A69-F0D05D46B0D4}.Debug|Any CPU.Build.0 = Debug|Any CPU
		{9B332673-71DC-453E-9A69-F0D05D46B0D4}.Release|Any CPU.ActiveCfg = Release|Any CPU
		{9B332673-71DC-453E-9A69-F0D05D46B0D4}.Release|Any CPU.Build.0 = Release|Any CPU
		{A5F2AC99-4C35-430C-BCCF-5333971112B3}.Debug|Any CPU.ActiveCfg = Debug|Any CPU
		{A5F2AC99-4C35-430C-BCCF-5333971112B3}.Debug|Any CPU.Build.0 = Debug|Any CPU
		{A5F2AC99-4C35-430C-BCCF-5333971112B3}.Release|Any CPU.ActiveCfg = Release|Any CPU
		{A5F2AC99-4C35-430C-BCCF-5333971112B3}.Release|Any CPU.Build.0 = Release|Any CPU
		{5E450CBB-12B8-4381-B7B1-0EF60470809F}.Debug|Any CPU.ActiveCfg = Debug|Any CPU
		{5E450CBB-12B8-4381-B7B1-0EF60470809F}.Debug|Any CPU.Build.0 = Debug|Any CPU
		{5E450CBB-12B8-4381-B7B1-0EF60470809F}.Release|Any CPU.ActiveCfg = Release|Any CPU
		{5E450CBB-12B8-4381-B7B1-0EF60470809F}.Release|Any CPU.Build.0 = Release|Any CPU
		{4930AA73-0131-4340-9EED-C0FD6DC8BE29}.Debug|Any CPU.ActiveCfg = Debug|Any CPU
		{4930AA73-0131-4340-9EED-C0FD6DC8BE29}.Debug|Any CPU.Build.0 = Debug|Any CPU
		{4930AA73-0131-4340-9EED-C0FD6DC8BE29}.Release|Any CPU.ActiveCfg = Release|Any CPU
		{4930AA73-0131-4340-9EED-C0FD6DC8BE29}.Release|Any CPU.Build.0 = Release|Any CPU
		{C3ED552D-C576-47A2-9924-5C06B7BC1E6F}.Debug|Any CPU.ActiveCfg = Debug|Any CPU
		{C3ED552D-C576-47A2-9924-5C06B7BC1E6F}.Debug|Any CPU.Build.0 = Debug|Any CPU
		{C3ED552D-C576-47A2-9924-5C06B7BC1E6F}.Release|Any CPU.ActiveCfg = Release|Any CPU
		{C3ED552D-C576-47A2-9924-5C06B7BC1E6F}.Release|Any CPU.Build.0 = Release|Any CPU
		{35B9029A-BF0C-40F7-82B2-40B12986B323}.Debug|Any CPU.ActiveCfg = Debug|Any CPU
		{35B9029A-BF0C-40F7-82B2-40B12986B323}.Debug|Any CPU.Build.0 = Debug|Any CPU
		{35B9029A-BF0C-40F7-82B2-40B12986B323}.Release|Any CPU.ActiveCfg = Release|Any CPU
		{35B9029A-BF0C-40F7-82B2-40B12986B323}.Release|Any CPU.Build.0 = Release|Any CPU
		{2BBAACEE-93F5-490A-8A9C-A13E47448D60}.Debug|Any CPU.ActiveCfg = Debug|Any CPU
		{2BBAACEE-93F5-490A-8A9C-A13E47448D60}.Debug|Any CPU.Build.0 = Debug|Any CPU
		{2BBAACEE-93F5-490A-8A9C-A13E47448D60}.Release|Any CPU.ActiveCfg = Release|Any CPU
		{2BBAACEE-93F5-490A-8A9C-A13E47448D60}.Release|Any CPU.Build.0 = Release|Any CPU
		{7B3DE8A7-DF8A-4FE4-B597-3B1F0B42781E}.Debug|Any CPU.ActiveCfg = Debug|Any CPU
		{7B3DE8A7-DF8A-4FE4-B597-3B1F0B42781E}.Debug|Any CPU.Build.0 = Debug|Any CPU
		{7B3DE8A7-DF8A-4FE4-B597-3B1F0B42781E}.Release|Any CPU.ActiveCfg = Release|Any CPU
		{7B3DE8A7-DF8A-4FE4-B597-3B1F0B42781E}.Release|Any CPU.Build.0 = Release|Any CPU
		{466D1F8C-397D-4802-AEDD-150F61B7D336}.Debug|Any CPU.ActiveCfg = Debug|Any CPU
		{466D1F8C-397D-4802-AEDD-150F61B7D336}.Debug|Any CPU.Build.0 = Debug|Any CPU
		{466D1F8C-397D-4802-AEDD-150F61B7D336}.Release|Any CPU.ActiveCfg = Release|Any CPU
		{466D1F8C-397D-4802-AEDD-150F61B7D336}.Release|Any CPU.Build.0 = Release|Any CPU
	EndGlobalSection
	GlobalSection(SolutionProperties) = preSolution
		HideSolutionNode = FALSE
	EndGlobalSection
	GlobalSection(NestedProjects) = preSolution
		{D257E555-3248-481E-97CB-29E169C384A3} = {8E1D5126-3758-4665-8BF3-86E3CA7AEB0F}
		{9B332673-71DC-453E-9A69-F0D05D46B0D4} = {8E1D5126-3758-4665-8BF3-86E3CA7AEB0F}
		{A5F2AC99-4C35-430C-BCCF-5333971112B3} = {8E1D5126-3758-4665-8BF3-86E3CA7AEB0F}
		{5E450CBB-12B8-4381-B7B1-0EF60470809F} = {8E1D5126-3758-4665-8BF3-86E3CA7AEB0F}
		{4930AA73-0131-4340-9EED-C0FD6DC8BE29} = {DA6B237F-B5F3-47B1-AED5-B7EE97CE9D93}
		{C3ED552D-C576-47A2-9924-5C06B7BC1E6F} = {DA6B237F-B5F3-47B1-AED5-B7EE97CE9D93}
		{35B9029A-BF0C-40F7-82B2-40B12986B323} = {DA6B237F-B5F3-47B1-AED5-B7EE97CE9D93}
		{2BBAACEE-93F5-490A-8A9C-A13E47448D60} = {DA6B237F-B5F3-47B1-AED5-B7EE97CE9D93}
		{7B3DE8A7-DF8A-4FE4-B597-3B1F0B42781E} = {DA6B237F-B5F3-47B1-AED5-B7EE97CE9D93}
		{466D1F8C-397D-4802-AEDD-150F61B7D336} = {DA6B237F-B5F3-47B1-AED5-B7EE97CE9D93}
	EndGlobalSection
	GlobalSection(ExtensibilityGlobals) = postSolution
		SolutionGuid = {4BD4DC7D-5F5D-48F5-B360-8BCB88B47105}
	EndGlobalSection
EndGlobal
